
Microsoft Visual Studio Solution File, Format Version 12.00
# Visual Studio Version 17
VisualStudioVersion = 17.6.33717.318
MinimumVisualStudioVersion = 10.0.40219.1
Project("{8BC9CEB8-8B4A-11D0-8D11-00A0C91BC942}") = "GameServerStudy", "GameServerStudy\GameServerStudy.vcxproj", "{3E650FA9-BA94-4145-AA93-5785C907310F}"
EndProject
Project("{8BC9CEB8-8B4A-11D0-8D11-00A0C91BC942}") = "ClientStudy", "ClientStudy\ClientStudy.vcxproj", "{CE409BC7-0C30-464C-8CAF-23942ECCDD4D}"
EndProject
Global
	GlobalSection(SolutionConfigurationPlatforms) = preSolution
		Debug|x64 = Debug|x64
		Debug|x86 = Debug|x86
		Release|x64 = Release|x64
		Release|x86 = Release|x86
	EndGlobalSection
	GlobalSection(ProjectConfigurationPlatforms) = postSolution
		{3E650FA9-BA94-4145-AA93-5785C907310F}.Debug|x64.ActiveCfg = Debug|x64
		{3E650FA9-BA94-4145-AA93-5785C907310F}.Debug|x64.Build.0 = Debug|x64
		{3E650FA9-BA94-4145-AA93-5785C907310F}.Debug|x86.ActiveCfg = Debug|Win32
		{3E650FA9-BA94-4145-AA93-5785C907310F}.Debug|x86.Build.0 = Debug|Win32
		{3E650FA9-BA94-4145-AA93-5785C907310F}.Release|x64.ActiveCfg = Release|x64
		{3E650FA9-BA94-4145-AA93-5785C907310F}.Release|x64.Build.0 = Release|x64
		{3E650FA9-BA94-4145-AA93-5785C907310F}.Release|x86.ActiveCfg = Release|Win32
		{3E650FA9-BA94-4145-AA93-5785C907310F}.Release|x86.Build.0 = Release|Win32
		{CE409BC7-0C30-464C-8CAF-23942ECCDD4D}.Debug|x64.ActiveCfg = Debug|x64
		{CE409BC7-0C30-464C-8CAF-23942ECCDD4D}.Debug|x64.Build.0 = Debug|x64
		{CE409BC7-0C30-464C-8CAF-23942ECCDD4D}.Debug|x86.ActiveCfg = Debug|Win32
		{CE409BC7-0C30-464C-8CAF-23942ECCDD4D}.Debug|x86.Build.0 = Debug|Win32
		{CE409BC7-0C30-464C-8CAF-23942ECCDD4D}.Release|x64.ActiveCfg = Release|x64
		{CE409BC7-0C30-464C-8CAF-23942ECCDD4D}.Release|x64.Build.0 = Release|x64
		{CE409BC7-0C30-464C-8CAF-23942ECCDD4D}.Release|x86.ActiveCfg = Release|Win32
		{CE409BC7-0C30-464C-8CAF-23942ECCDD4D}.Release|x86.Build.0 = Release|Win32
	EndGlobalSection
	GlobalSection(SolutionProperties) = preSolution
		HideSolutionNode = FALSE
	EndGlobalSection
	GlobalSection(ExtensibilityGlobals) = postSolution
		SolutionGuid = {6A81DE39-C110-409F-923E-DA7F98E0C9E9}
	EndGlobalSection
EndGlobal
